
Microsoft Visual Studio Solution File, Format Version 12.00
# Visual Studio 15
VisualStudioVersion = 15.0.28010.2041
MinimumVisualStudioVersion = 10.0.40219.1
Project("{FAE04EC0-301F-11D3-BF4B-00C04F79EFBC}") = "NetCoreSUS", "NetCoreSUS\NetCoreSUS.csproj", "{14F20174-EB8E-4368-AE51-3BC3433DF63D}"
EndProject
Global
	GlobalSection(SolutionConfigurationPlatforms) = preSolution
		Debug|Any CPU = Debug|Any CPU
		Release|Any CPU = Release|Any CPU
	EndGlobalSection
	GlobalSection(ProjectConfigurationPlatforms) = postSolution
		{14F20174-EB8E-4368-AE51-3BC3433DF63D}.Debug|Any CPU.ActiveCfg = Debug|Any CPU
		{14F20174-EB8E-4368-AE51-3BC3433DF63D}.Debug|Any CPU.Build.0 = Debug|Any CPU
		{14F20174-EB8E-4368-AE51-3BC3433DF63D}.Release|Any CPU.ActiveCfg = Release|Any CPU
		{14F20174-EB8E-4368-AE51-3BC3433DF63D}.Release|Any CPU.Build.0 = Release|Any CPU
	EndGlobalSection
	GlobalSection(SolutionProperties) = preSolution
		HideSolutionNode = FALSE
	EndGlobalSection
	GlobalSection(ExtensibilityGlobals) = postSolution
		SolutionGuid = {CC5D92A8-0967-44BD-8F9F-865324DD668E}
	EndGlobalSection
EndGlobal
